
Microsoft Visual Studio Solution File, Format Version 12.00
# Visual Studio Version 17
VisualStudioVersion = 17.4.33213.308
MinimumVisualStudioVersion = 10.0.40219.1
Project("{FAE04EC0-301F-11D3-BF4B-00C04F79EFBC}") = "ChallengeTraetta", "ChallengeTraetta\ChallengeTraetta.csproj", "{516F16A3-C387-49A8-B54D-616C2C442A15}"
EndProject
Global
	GlobalSection(SolutionConfigurationPlatforms) = preSolution
		Debug|Any CPU = Debug|Any CPU
		Release|Any CPU = Release|Any CPU
	EndGlobalSection
	GlobalSection(ProjectConfigurationPlatforms) = postSolution
		{516F16A3-C387-49A8-B54D-616C2C442A15}.Debug|Any CPU.ActiveCfg = Debug|Any CPU
		{516F16A3-C387-49A8-B54D-616C2C442A15}.Debug|Any CPU.Build.0 = Debug|Any CPU
		{516F16A3-C387-49A8-B54D-616C2C442A15}.Release|Any CPU.ActiveCfg = Release|Any CPU
		{516F16A3-C387-49A8-B54D-616C2C442A15}.Release|Any CPU.Build.0 = Release|Any CPU
	EndGlobalSection
	GlobalSection(SolutionProperties) = preSolution
		HideSolutionNode = FALSE
	EndGlobalSection
	GlobalSection(ExtensibilityGlobals) = postSolution
		SolutionGuid = {EEC07A35-82C4-43FE-A988-63455A7AD085}
	EndGlobalSection
EndGlobal
